// !$*UTF8*$!
{
	archiveVersion = 1;
	classes = {
	};
	objectVersion = 50;
	objects = {

/* Begin PBXBuildFile section */
		1737CB77220B635D00E9197D /* AppDelegate.swift in Sources */ = {isa = PBXBuildFile; fileRef = 1737CB76220B635D00E9197D /* AppDelegate.swift */; };
		1737CB79220B635D00E9197D /* MortarViewController.swift in Sources */ = {isa = PBXBuildFile; fileRef = 1737CB78220B635D00E9197D /* MortarViewController.swift */; };
		1737CB7C220B635D00E9197D /* Main.storyboard in Resources */ = {isa = PBXBuildFile; fileRef = 1737CB7A220B635D00E9197D /* Main.storyboard */; };
		1737CB7E220B635F00E9197D /* Assets.xcassets in Resources */ = {isa = PBXBuildFile; fileRef = 1737CB7D220B635F00E9197D /* Assets.xcassets */; };
		1737CB81220B635F00E9197D /* LaunchScreen.storyboard in Resources */ = {isa = PBXBuildFile; fileRef = 1737CB7F220B635F00E9197D /* LaunchScreen.storyboard */; };
		1737CB8C220B635F00E9197D /* MortarTests.swift in Sources */ = {isa = PBXBuildFile; fileRef = 1737CB8B220B635F00E9197D /* MortarTests.swift */; };
		1737CB97220B635F00E9197D /* MortarUITests.swift in Sources */ = {isa = PBXBuildFile; fileRef = 1737CB96220B635F00E9197D /* MortarUITests.swift */; };
		1737CBA5220B65DF00E9197D /* MortarViewCell.swift in Sources */ = {isa = PBXBuildFile; fileRef = 1737CBA4220B65DF00E9197D /* MortarViewCell.swift */; };
		173B3EEB220B6BD300C9D159 /* Extensions.swift in Sources */ = {isa = PBXBuildFile; fileRef = 173B3EEA220B6BD300C9D159 /* Extensions.swift */; };
/* End PBXBuildFile section */

/* Begin PBXContainerItemProxy section */
		1737CB88220B635F00E9197D /* PBXContainerItemProxy */ = {
			isa = PBXContainerItemProxy;
			containerPortal = 1737CB6B220B635C00E9197D /* Project object */;
			proxyType = 1;
			remoteGlobalIDString = 1737CB72220B635C00E9197D;
			remoteInfo = Mortar;
		};
		1737CB93220B635F00E9197D /* PBXContainerItemProxy */ = {
			isa = PBXContainerItemProxy;
			containerPortal = 1737CB6B220B635C00E9197D /* Project object */;
			proxyType = 1;
			remoteGlobalIDString = 1737CB72220B635C00E9197D;
			remoteInfo = Mortar;
		};
/* End PBXContainerItemProxy section */

/* Begin PBXFileReference section */
		1737CB73220B635D00E9197D /* Mortar.app */ = {isa = PBXFileReference; explicitFileType = wrapper.application; includeInIndex = 0; path = Mortar.app; sourceTree = BUILT_PRODUCTS_DIR; };
		1737CB76220B635D00E9197D /* AppDelegate.swift */ = {isa = PBXFileReference; lastKnownFileType = sourcecode.swift; path = AppDelegate.swift; sourceTree = "<group>"; };
		1737CB78220B635D00E9197D /* MortarViewController.swift */ = {isa = PBXFileReference; lastKnownFileType = sourcecode.swift; path = MortarViewController.swift; sourceTree = "<group>"; };
		1737CB7B220B635D00E9197D /* Base */ = {isa = PBXFileReference; lastKnownFileType = file.storyboard; name = Base; path = Base.lproj/Main.storyboard; sourceTree = "<group>"; };
		1737CB7D220B635F00E9197D /* Assets.xcassets */ = {isa = PBXFileReference; lastKnownFileType = folder.assetcatalog; path = Assets.xcassets; sourceTree = "<group>"; };
		1737CB80220B635F00E9197D /* Base */ = {isa = PBXFileReference; lastKnownFileType = file.storyboard; name = Base; path = Base.lproj/LaunchScreen.storyboard; sourceTree = "<group>"; };
		1737CB82220B635F00E9197D /* Info.plist */ = {isa = PBXFileReference; lastKnownFileType = text.plist.xml; path = Info.plist; sourceTree = "<group>"; };
		1737CB87220B635F00E9197D /* MortarTests.xctest */ = {isa = PBXFileReference; explicitFileType = wrapper.cfbundle; includeInIndex = 0; path = MortarTests.xctest; sourceTree = BUILT_PRODUCTS_DIR; };
		1737CB8B220B635F00E9197D /* MortarTests.swift */ = {isa = PBXFileReference; lastKnownFileType = sourcecode.swift; path = MortarTests.swift; sourceTree = "<group>"; };
		1737CB8D220B635F00E9197D /* Info.plist */ = {isa = PBXFileReference; lastKnownFileType = text.plist.xml; path = Info.plist; sourceTree = "<group>"; };
		1737CB92220B635F00E9197D /* MortarUITests.xctest */ = {isa = PBXFileReference; explicitFileType = wrapper.cfbundle; includeInIndex = 0; path = MortarUITests.xctest; sourceTree = BUILT_PRODUCTS_DIR; };
		1737CB96220B635F00E9197D /* MortarUITests.swift */ = {isa = PBXFileReference; lastKnownFileType = sourcecode.swift; path = MortarUITests.swift; sourceTree = "<group>"; };
		1737CB98220B635F00E9197D /* Info.plist */ = {isa = PBXFileReference; lastKnownFileType = text.plist.xml; path = Info.plist; sourceTree = "<group>"; };
		1737CBA4220B65DF00E9197D /* MortarViewCell.swift */ = {isa = PBXFileReference; lastKnownFileType = sourcecode.swift; path = MortarViewCell.swift; sourceTree = "<group>"; };
		173B3EEA220B6BD300C9D159 /* Extensions.swift */ = {isa = PBXFileReference; lastKnownFileType = sourcecode.swift; path = Extensions.swift; sourceTree = "<group>"; };
/* End PBXFileReference section */

/* Begin PBXFrameworksBuildPhase section */
		1737CB70220B635C00E9197D /* Frameworks */ = {
			isa = PBXFrameworksBuildPhase;
			buildActionMask = 2147483647;
			files = (
			);
			runOnlyForDeploymentPostprocessing = 0;
		};
		1737CB84220B635F00E9197D /* Frameworks */ = {
			isa = PBXFrameworksBuildPhase;
			buildActionMask = 2147483647;
			files = (
			);
			runOnlyForDeploymentPostprocessing = 0;
		};
		1737CB8F220B635F00E9197D /* Frameworks */ = {
			isa = PBXFrameworksBuildPhase;
			buildActionMask = 2147483647;
			files = (
			);
			runOnlyForDeploymentPostprocessing = 0;
		};
/* End PBXFrameworksBuildPhase section */

/* Begin PBXGroup section */
		1737CB6A220B635C00E9197D = {
			isa = PBXGroup;
			children = (
				1737CB75220B635D00E9197D /* Mortar */,
				1737CB8A220B635F00E9197D /* MortarTests */,
				1737CB95220B635F00E9197D /* MortarUITests */,
				1737CB74220B635D00E9197D /* Products */,
			);
			sourceTree = "<group>";
		};
		1737CB74220B635D00E9197D /* Products */ = {
			isa = PBXGroup;
			children = (
				1737CB73220B635D00E9197D /* Mortar.app */,
				1737CB87220B635F00E9197D /* MortarTests.xctest */,
				1737CB92220B635F00E9197D /* MortarUITests.xctest */,
			);
			name = Products;
			sourceTree = "<group>";
		};
		1737CB75220B635D00E9197D /* Mortar */ = {
			isa = PBXGroup;
			children = (
				1737CB76220B635D00E9197D /* AppDelegate.swift */,
				1737CB78220B635D00E9197D /* MortarViewController.swift */,
				173B3EEA220B6BD300C9D159 /* Extensions.swift */,
				1737CBA4220B65DF00E9197D /* MortarViewCell.swift */,
				1737CB7A220B635D00E9197D /* Main.storyboard */,
				1737CB7D220B635F00E9197D /* Assets.xcassets */,
				1737CB7F220B635F00E9197D /* LaunchScreen.storyboard */,
				1737CB82220B635F00E9197D /* Info.plist */,
			);
			path = Mortar;
			sourceTree = "<group>";
		};
		1737CB8A220B635F00E9197D /* MortarTests */ = {
			isa = PBXGroup;
			children = (
				1737CB8B220B635F00E9197D /* MortarTests.swift */,
				1737CB8D220B635F00E9197D /* Info.plist */,
			);
			path = MortarTests;
			sourceTree = "<group>";
		};
		1737CB95220B635F00E9197D /* MortarUITests */ = {
			isa = PBXGroup;
			children = (
				1737CB96220B635F00E9197D /* MortarUITests.swift */,
				1737CB98220B635F00E9197D /* Info.plist */,
			);
			path = MortarUITests;
			sourceTree = "<group>";
		};
/* End PBXGroup section */

/* Begin PBXNativeTarget section */
		1737CB72220B635C00E9197D /* Mortar */ = {
			isa = PBXNativeTarget;
			buildConfigurationList = 1737CB9B220B635F00E9197D /* Build configuration list for PBXNativeTarget "Mortar" */;
			buildPhases = (
				1737CB6F220B635C00E9197D /* Sources */,
				1737CB70220B635C00E9197D /* Frameworks */,
				1737CB71220B635C00E9197D /* Resources */,
			);
			buildRules = (
			);
			dependencies = (
			);
			name = Mortar;
			productName = Mortar;
			productReference = 1737CB73220B635D00E9197D /* Mortar.app */;
			productType = "com.apple.product-type.application";
		};
		1737CB86220B635F00E9197D /* MortarTests */ = {
			isa = PBXNativeTarget;
			buildConfigurationList = 1737CB9E220B635F00E9197D /* Build configuration list for PBXNativeTarget "MortarTests" */;
			buildPhases = (
				1737CB83220B635F00E9197D /* Sources */,
				1737CB84220B635F00E9197D /* Frameworks */,
				1737CB85220B635F00E9197D /* Resources */,
			);
			buildRules = (
			);
			dependencies = (
				1737CB89220B635F00E9197D /* PBXTargetDependency */,
			);
			name = MortarTests;
			productName = MortarTests;
			productReference = 1737CB87220B635F00E9197D /* MortarTests.xctest */;
			productType = "com.apple.product-type.bundle.unit-test";
		};
		1737CB91220B635F00E9197D /* MortarUITests */ = {
			isa = PBXNativeTarget;
			buildConfigurationList = 1737CBA1220B635F00E9197D /* Build configuration list for PBXNativeTarget "MortarUITests" */;
			buildPhases = (
				1737CB8E220B635F00E9197D /* Sources */,
				1737CB8F220B635F00E9197D /* Frameworks */,
				1737CB90220B635F00E9197D /* Resources */,
			);
			buildRules = (
			);
			dependencies = (
				1737CB94220B635F00E9197D /* PBXTargetDependency */,
			);
			name = MortarUITests;
			productName = MortarUITests;
			productReference = 1737CB92220B635F00E9197D /* MortarUITests.xctest */;
			productType = "com.apple.product-type.bundle.ui-testing";
		};
/* End PBXNativeTarget section */

/* Begin PBXProject section */
		1737CB6B220B635C00E9197D /* Project object */ = {
			isa = PBXProject;
			attributes = {
				LastSwiftUpdateCheck = 1010;
				LastUpgradeCheck = 1010;
				ORGANIZATIONNAME = "Abraham Isaac Durán";
				TargetAttributes = {
					1737CB72220B635C00E9197D = {
						CreatedOnToolsVersion = 10.1;
					};
					1737CB86220B635F00E9197D = {
						CreatedOnToolsVersion = 10.1;
						TestTargetID = 1737CB72220B635C00E9197D;
					};
					1737CB91220B635F00E9197D = {
						CreatedOnToolsVersion = 10.1;
						TestTargetID = 1737CB72220B635C00E9197D;
					};
				};
			};
			buildConfigurationList = 1737CB6E220B635C00E9197D /* Build configuration list for PBXProject "Mortar" */;
			compatibilityVersion = "Xcode 9.3";
			developmentRegion = en;
			hasScannedForEncodings = 0;
			knownRegions = (
				en,
				Base,
			);
			mainGroup = 1737CB6A220B635C00E9197D;
			productRefGroup = 1737CB74220B635D00E9197D /* Products */;
			projectDirPath = "";
			projectRoot = "";
			targets = (
				1737CB72220B635C00E9197D /* Mortar */,
				1737CB86220B635F00E9197D /* MortarTests */,
				1737CB91220B635F00E9197D /* MortarUITests */,
			);
		};
/* End PBXProject section */

/* Begin PBXResourcesBuildPhase section */
		1737CB71220B635C00E9197D /* Resources */ = {
			isa = PBXResourcesBuildPhase;
			buildActionMask = 2147483647;
			files = (
				1737CB81220B635F00E9197D /* LaunchScreen.storyboard in Resources */,
				1737CB7E220B635F00E9197D /* Assets.xcassets in Resources */,
				1737CB7C220B635D00E9197D /* Main.storyboard in Resources */,
			);
			runOnlyForDeploymentPostprocessing = 0;
		};
		1737CB85220B635F00E9197D /* Resources */ = {
			isa = PBXResourcesBuildPhase;
			buildActionMask = 2147483647;
			files = (
			);
			runOnlyForDeploymentPostprocessing = 0;
		};
		1737CB90220B635F00E9197D /* Resources */ = {
			isa = PBXResourcesBuildPhase;
			buildActionMask = 2147483647;
			files = (
			);
			runOnlyForDeploymentPostprocessing = 0;
		};
/* End PBXResourcesBuildPhase section */

/* Begin PBXSourcesBuildPhase section */
		1737CB6F220B635C00E9197D /* Sources */ = {
			isa = PBXSourcesBuildPhase;
			buildActionMask = 2147483647;
			files = (
				1737CBA5220B65DF00E9197D /* MortarViewCell.swift in Sources */,
				1737CB79220B635D00E9197D /* MortarViewController.swift in Sources */,
				1737CB77220B635D00E9197D /* AppDelegate.swift in Sources */,
				173B3EEB220B6BD300C9D159 /* Extensions.swift in Sources */,
			);
			runOnlyForDeploymentPostprocessing = 0;
		};
		1737CB83220B635F00E9197D /* Sources */ = {
			isa = PBXSourcesBuildPhase;
			buildActionMask = 2147483647;
			files = (
				1737CB8C220B635F00E9197D /* MortarTests.swift in Sources */,
			);
			runOnlyForDeploymentPostprocessing = 0;
		};
		1737CB8E220B635F00E9197D /* Sources */ = {
			isa = PBXSourcesBuildPhase;
			buildActionMask = 2147483647;
			files = (
				1737CB97220B635F00E9197D /* MortarUITests.swift in Sources */,
			);
			runOnlyForDeploymentPostprocessing = 0;
		};
/* End PBXSourcesBuildPhase section */

/* Begin PBXTargetDependency section */
		1737CB89220B635F00E9197D /* PBXTargetDependency */ = {
			isa = PBXTargetDependency;
			target = 1737CB72220B635C00E9197D /* Mortar */;
			targetProxy = 1737CB88220B635F00E9197D /* PBXContainerItemProxy */;
		};
		1737CB94220B635F00E9197D /* PBXTargetDependency */ = {
			isa = PBXTargetDependency;
			target = 1737CB72220B635C00E9197D /* Mortar */;
			targetProxy = 1737CB93220B635F00E9197D /* PBXContainerItemProxy */;
		};
/* End PBXTargetDependency section */

/* Begin PBXVariantGroup section */
		1737CB7A220B635D00E9197D /* Main.storyboard */ = {
			isa = PBXVariantGroup;
			children = (
				1737CB7B220B635D00E9197D /* Base */,
			);
			name = Main.storyboard;
			sourceTree = "<group>";
		};
		1737CB7F220B635F00E9197D /* LaunchScreen.storyboard */ = {
			isa = PBXVariantGroup;
			children = (
				1737CB80220B635F00E9197D /* Base */,
			);
			name = LaunchScreen.storyboard;
			sourceTree = "<group>";
		};
/* End PBXVariantGroup section */

/* Begin XCBuildConfiguration section */
		1737CB99220B635F00E9197D /* Debug */ = {
			isa = XCBuildConfiguration;
			buildSettings = {
				ALWAYS_SEARCH_USER_PATHS = NO;
				CLANG_ANALYZER_NONNULL = YES;
				CLANG_ANALYZER_NUMBER_OBJECT_CONVERSION = YES_AGGRESSIVE;
				CLANG_CXX_LANGUAGE_STANDARD = "gnu++14";
				CLANG_CXX_LIBRARY = "libc++";
				CLANG_ENABLE_MODULES = YES;
				CLANG_ENABLE_OBJC_ARC = YES;
				CLANG_ENABLE_OBJC_WEAK = YES;
				CLANG_WARN_BLOCK_CAPTURE_AUTORELEASING = YES;
				CLANG_WARN_BOOL_CONVERSION = YES;
				CLANG_WARN_COMMA = YES;
				CLANG_WARN_CONSTANT_CONVERSION = YES;
				CLANG_WARN_DEPRECATED_OBJC_IMPLEMENTATIONS = YES;
				CLANG_WARN_DIRECT_OBJC_ISA_USAGE = YES_ERROR;
				CLANG_WARN_DOCUMENTATION_COMMENTS = YES;
				CLANG_WARN_EMPTY_BODY = YES;
				CLANG_WARN_ENUM_CONVERSION = YES;
				CLANG_WARN_INFINITE_RECURSION = YES;
				CLANG_WARN_INT_CONVERSION = YES;
				CLANG_WARN_NON_LITERAL_NULL_CONVERSION = YES;
				CLANG_WARN_OBJC_IMPLICIT_RETAIN_SELF = YES;
				CLANG_WARN_OBJC_LITERAL_CONVERSION = YES;
				CLANG_WARN_OBJC_ROOT_CLASS = YES_ERROR;
				CLANG_WARN_RANGE_LOOP_ANALYSIS = YES;
				CLANG_WARN_STRICT_PROTOTYPES = YES;
				CLANG_WARN_SUSPICIOUS_MOVE = YES;
				CLANG_WARN_UNGUARDED_AVAILABILITY = YES_AGGRESSIVE;
				CLANG_WARN_UNREACHABLE_CODE = YES;
				CLANG_WARN__DUPLICATE_METHOD_MATCH = YES;
				CODE_SIGN_IDENTITY = "iPhone Developer";
				COPY_PHASE_STRIP = NO;
				DEBUG_INFORMATION_FORMAT = dwarf;
				ENABLE_STRICT_OBJC_MSGSEND = YES;
				ENABLE_TESTABILITY = YES;
				GCC_C_LANGUAGE_STANDARD = gnu11;
				GCC_DYNAMIC_NO_PIC = NO;
				GCC_NO_COMMON_BLOCKS = YES;
				GCC_OPTIMIZATION_LEVEL = 0;
				GCC_PREPROCESSOR_DEFINITIONS = (
					"DEBUG=1",
					"$(inherited)",
				);
				GCC_WARN_64_TO_32_BIT_CONVERSION = YES;
				GCC_WARN_ABOUT_RETURN_TYPE = YES_ERROR;
				GCC_WARN_UNDECLARED_SELECTOR = YES;
				GCC_WARN_UNINITIALIZED_AUTOS = YES_AGGRESSIVE;
				GCC_WARN_UNUSED_FUNCTION = YES;
				GCC_WARN_UNUSED_VARIABLE = YES;
				IPHONEOS_DEPLOYMENT_TARGET = 12.1;
				MTL_ENABLE_DEBUG_INFO = INCLUDE_SOURCE;
				MTL_FAST_MATH = YES;
				ONLY_ACTIVE_ARCH = YES;
				SDKROOT = iphoneos;
				SWIFT_ACTIVE_COMPILATION_CONDITIONS = DEBUG;
				SWIFT_OPTIMIZATION_LEVEL = "-Onone";
			};
			name = Debug;
		};
		1737CB9A220B635F00E9197D /* Release */ = {
			isa = XCBuildConfiguration;
			buildSettings = {
				ALWAYS_SEARCH_USER_PATHS = NO;
				CLANG_ANALYZER_NONNULL = YES;
				CLANG_ANALYZER_NUMBER_OBJECT_CONVERSION = YES_AGGRESSIVE;
				CLANG_CXX_LANGUAGE_STANDARD = "gnu++14";
				CLANG_CXX_LIBRARY = "libc++";
				CLANG_ENABLE_MODULES = YES;
				CLANG_ENABLE_OBJC_ARC = YES;
				CLANG_ENABLE_OBJC_WEAK = YES;
				CLANG_WARN_BLOCK_CAPTURE_AUTORELEASING = YES;
				CLANG_WARN_BOOL_CONVERSION = YES;
				CLANG_WARN_COMMA = YES;
				CLANG_WARN_CONSTANT_CONVERSION = YES;
				CLANG_WARN_DEPRECATED_OBJC_IMPLEMENTATIONS = YES;
				CLANG_WARN_DIRECT_OBJC_ISA_USAGE = YES_ERROR;
				CLANG_WARN_DOCUMENTATION_COMMENTS = YES;
				CLANG_WARN_EMPTY_BODY = YES;
				CLANG_WARN_ENUM_CONVERSION = YES;
				CLANG_WARN_INFINITE_RECURSION = YES;
				CLANG_WARN_INT_CONVERSION = YES;
				CLANG_WARN_NON_LITERAL_NULL_CONVERSION = YES;
				CLANG_WARN_OBJC_IMPLICIT_RETAIN_SELF = YES;
				CLANG_WARN_OBJC_LITERAL_CONVERSION = YES;
				CLANG_WARN_OBJC_ROOT_CLASS = YES_ERROR;
				CLANG_WARN_RANGE_LOOP_ANALYSIS = YES;
				CLANG_WARN_STRICT_PROTOTYPES = YES;
				CLANG_WARN_SUSPICIOUS_MOVE = YES;
				CLANG_WARN_UNGUARDED_AVAILABILITY = YES_AGGRESSIVE;
				CLANG_WARN_UNREACHABLE_CODE = YES;
				CLANG_WARN__DUPLICATE_METHOD_MATCH = YES;
				CODE_SIGN_IDENTITY = "iPhone Developer";
				COPY_PHASE_STRIP = NO;
				DEBUG_INFORMATION_FORMAT = "dwarf-with-dsym";
				ENABLE_NS_ASSERTIONS = NO;
				ENABLE_STRICT_OBJC_MSGSEND = YES;
				GCC_C_LANGUAGE_STANDARD = gnu11;
				GCC_NO_COMMON_BLOCKS = YES;
				GCC_WARN_64_TO_32_BIT_CONVERSION = YES;
				GCC_WARN_ABOUT_RETURN_TYPE = YES_ERROR;
				GCC_WARN_UNDECLARED_SELECTOR = YES;
				GCC_WARN_UNINITIALIZED_AUTOS = YES_AGGRESSIVE;
				GCC_WARN_UNUSED_FUNCTION = YES;
				GCC_WARN_UNUSED_VARIABLE = YES;
				IPHONEOS_DEPLOYMENT_TARGET = 12.1;
				MTL_ENABLE_DEBUG_INFO = NO;
				MTL_FAST_MATH = YES;
				SDKROOT = iphoneos;
				SWIFT_COMPILATION_MODE = wholemodule;
				SWIFT_OPTIMIZATION_LEVEL = "-O";
				VALIDATE_PRODUCT = YES;
			};
			name = Release;
		};
		1737CB9C220B635F00E9197D /* Debug */ = {
			isa = XCBuildConfiguration;
			buildSettings = {
				ASSETCATALOG_COMPILER_APPICON_NAME = AppIcon;
				CODE_SIGN_STYLE = Automatic;
				DEVELOPMENT_TEAM = 7MR9JRR7PY;
				INFOPLIST_FILE = Mortar/Info.plist;
				LD_RUNPATH_SEARCH_PATHS = (
					"$(inherited)",
					"@executable_path/Frameworks",
				);
				PRODUCT_BUNDLE_IDENTIFIER = com.abrahamduran.Mortar;
				PRODUCT_NAME = "$(TARGET_NAME)";
				SWIFT_VERSION = 4.2;
				TARGETED_DEVICE_FAMILY = "1,2";
			};
			name = Debug;
		};
		1737CB9D220B635F00E9197D /* Release */ = {
			isa = XCBuildConfiguration;
			buildSettings = {
				ASSETCATALOG_COMPILER_APPICON_NAME = AppIcon;
				CODE_SIGN_STYLE = Automatic;
				DEVELOPMENT_TEAM = 7MR9JRR7PY;
				INFOPLIST_FILE = Mortar/Info.plist;
				LD_RUNPATH_SEARCH_PATHS = (
					"$(inherited)",
					"@executable_path/Frameworks",
				);
				PRODUCT_BUNDLE_IDENTIFIER = com.abrahamduran.Mortar;
				PRODUCT_NAME = "$(TARGET_NAME)";
				SWIFT_VERSION = 4.2;
				TARGETED_DEVICE_FAMILY = "1,2";
			};
			name = Release;
		};
		1737CB9F220B635F00E9197D /* Debug */ = {
			isa = XCBuildConfiguration;
			buildSettings = {
				ALWAYS_EMBED_SWIFT_STANDARD_LIBRARIES = YES;
				BUNDLE_LOADER = "$(TEST_HOST)";
				CODE_SIGN_STYLE = Automatic;
				INFOPLIST_FILE = MortarTests/Info.plist;
				LD_RUNPATH_SEARCH_PATHS = (
					"$(inherited)",
					"@executable_path/Frameworks",
					"@loader_path/Frameworks",
				);
				PRODUCT_BUNDLE_IDENTIFIER = com.photoshelter.MortarTests;
				PRODUCT_NAME = "$(TARGET_NAME)";
				SWIFT_VERSION = 4.2;
				TARGETED_DEVICE_FAMILY = "1,2";
				TEST_HOST = "$(BUILT_PRODUCTS_DIR)/Mortar.app/Mortar";
			};
			name = Debug;
		};
		1737CBA0220B635F00E9197D /* Release */ = {
			isa = XCBuildConfiguration;
			buildSettings = {
				ALWAYS_EMBED_SWIFT_STANDARD_LIBRARIES = YES;
				BUNDLE_LOADER = "$(TEST_HOST)";
				CODE_SIGN_STYLE = Automatic;
				INFOPLIST_FILE = MortarTests/Info.plist;
				LD_RUNPATH_SEARCH_PATHS = (
					"$(inherited)",
					"@executable_path/Frameworks",
					"@loader_path/Frameworks",
				);
				PRODUCT_BUNDLE_IDENTIFIER = com.photoshelter.MortarTests;
				PRODUCT_NAME = "$(TARGET_NAME)";
				SWIFT_VERSION = 4.2;
				TARGETED_DEVICE_FAMILY = "1,2";
				TEST_HOST = "$(BUILT_PRODUCTS_DIR)/Mortar.app/Mortar";
			};
			name = Release;
		};
		1737CBA2220B635F00E9197D /* Debug */ = {
			isa = XCBuildConfiguration;
			buildSettings = {
				ALWAYS_EMBED_SWIFT_STANDARD_LIBRARIES = YES;
				CODE_SIGN_STYLE = Automatic;
				INFOPLIST_FILE = MortarUITests/Info.plist;
				LD_RUNPATH_SEARCH_PATHS = (
					"$(inherited)",
					"@executable_path/Frameworks",
					"@loader_path/Frameworks",
				);
				PRODUCT_BUNDLE_IDENTIFIER = com.photoshelter.MortarUITests;
				PRODUCT_NAME = "$(TARGET_NAME)";
				SWIFT_VERSION = 4.2;
				TARGETED_DEVICE_FAMILY = "1,2";
				TEST_TARGET_NAME = Mortar;
			};
			name = Debug;
		};
		1737CBA3220B635F00E9197D /* Release */ = {
			isa = XCBuildConfiguration;
			buildSettings = {
				ALWAYS_EMBED_SWIFT_STANDARD_LIBRARIES = YES;
				CODE_SIGN_STYLE = Automatic;
				INFOPLIST_FILE = MortarUITests/Info.plist;
				LD_RUNPATH_SEARCH_PATHS = (
					"$(inherited)",
					"@executable_path/Frameworks",
					"@loader_path/Frameworks",
				);
				PRODUCT_BUNDLE_IDENTIFIER = com.photoshelter.MortarUITests;
				PRODUCT_NAME = "$(TARGET_NAME)";
				SWIFT_VERSION = 4.2;
				TARGETED_DEVICE_FAMILY = "1,2";
				TEST_TARGET_NAME = Mortar;
			};
			name = Release;
		};
/* End XCBuildConfiguration section */

/* Begin XCConfigurationList section */
		1737CB6E220B635C00E9197D /* Build configuration list for PBXProject "Mortar" */ = {
			isa = XCConfigurationList;
			buildConfigurations = (
				1737CB99220B635F00E9197D /* Debug */,
				1737CB9A220B635F00E9197D /* Release */,
			);
			defaultConfigurationIsVisible = 0;
			defaultConfigurationName = Release;
		};
		1737CB9B220B635F00E9197D /* Build configuration list for PBXNativeTarget "Mortar" */ = {
			isa = XCConfigurationList;
			buildConfigurations = (
				1737CB9C220B635F00E9197D /* Debug */,
				1737CB9D220B635F00E9197D /* Release */,
			);
			defaultConfigurationIsVisible = 0;
			defaultConfigurationName = Release;
		};
		1737CB9E220B635F00E9197D /* Build configuration list for PBXNativeTarget "MortarTests" */ = {
			isa = XCConfigurationList;
			buildConfigurations = (
				1737CB9F220B635F00E9197D /* Debug */,
				1737CBA0220B635F00E9197D /* Release */,
			);
			defaultConfigurationIsVisible = 0;
			defaultConfigurationName = Release;
		};
		1737CBA1220B635F00E9197D /* Build configuration list for PBXNativeTarget "MortarUITests" */ = {
			isa = XCConfigurationList;
			buildConfigurations = (
				1737CBA2220B635F00E9197D /* Debug */,
				1737CBA3220B635F00E9197D /* Release */,
			);
			defaultConfigurationIsVisible = 0;
			defaultConfigurationName = Release;
		};
/* End XCConfigurationList section */
	};
	rootObject = 1737CB6B220B635C00E9197D /* Project object */;
}
